github.com/cdipaolo/goml v0.0.0-20220715001353-00e0c845ae1c h1:uqJXOhayPfl/QruVBP6VF0KUWNDzO/F14X8CPEkkFD8=
github.com/cdipaolo/goml v0.0.0-20220715001353-00e0c845ae1c/go.mod h1:Ue8jgVLdBDCtsh1laikvraXqXzKCyKiruCcCcaeNDFE=
github.com/cdipaolo/sentiment v0.0.0-20200617002423-c697f64e7f10 h1:6dGQY3apkf7lG3a1UFhS6grlo009buPFVy79RvNVUF4=
github.com/cdipaolo/sentiment v0.0.0-20200617002423-c697f64e7f10/go.mod h1:JWoVf4GJxCxM3iCiZSVoXNMV+JFG49L+ou70KK3HTvQ=
github.com/gofrs/uuid v4.4.0+incompatible h1:3qXRTX8/NbyulANqlc0lchS1gqAVxRgsuW1YrTJupqA=
github.com/gofrs/uuid v4.4.0+incompatible/go.mod h1:b2aQJv3Z4Fp6yNu3cdSllBxTCLRxnplIgP/c0N/04lM=
github.com/mattn/go-sqlite3 v1.14.19 h1:fhGleo2h1p8tVChob4I9HpmVFIAkKGpiukdrgQbWfGI=
github.com/mattn/go-sqlite3 v1.14.19/go.mod h1:2eHXhiwb8IkHr+BDWZGa96P6+rkvnG63S2DGjv9HUNg=
golang.org/x/crypto v0.18.0 h1:PGVlW0xEltQnzFZ55hkuX5+KLyrMYhHld1YHO4AKcdc=
golang.org/x/crypto v0.18.0/go.mod h1:R0j02AL6hcrfOiy9T4ZYp/rcWeMxM3L6QYxlOuEG1mg=
golang.org/x/text v0.14.0 h1:ScX5w1eTa3QqT8oi6+ziP7dTV1S2+ALU0bI+0zXKWiQ=
golang.org/x/text v0.14.0/go.mod h1:18ZOQIKpY8NJVqYksKHtTdi31H5itFRjB5/qKTNYzSU=
golang.org/x/time v0.7.0 h1:ntUhktv3OPE6TgYxXWv9vKvUSJyIFJlyohwbkEwPrKQ=
golang.org/x/time v0.7.0/go.mod h1:3BpzKBy/shNhVucY/MWOyx10tF3SFh9QdLuxbVysPQM=
